
Microsoft Visual Studio Solution File, Format Version 12.00
# Visual Studio 14
VisualStudioVersion = 14.0.25420.1
MinimumVisualStudioVersion = 10.0.40219.1
Project("{FAE04EC0-301F-11D3-BF4B-00C04F79EFBC}") = "INT0008.Ladok3.Events", "..\INT0008.Ladok3.Events\Src\INT0008.Ladok3.Events.btproj", "{C72C832D-CD9B-412D-A784-E5991C57DAF4}"
EndProject
Project("{FAE04EC0-301F-11D3-BF4B-00C04F79EFBC}") = "INT0016.Ladok3.Client", "..\INT0016.Ladok3.Client\Src\INT0016.Ladok3.Client.btproj", "{F6AA4D84-581A-4909-83BF-1994391EDFF6}"
EndProject
Project("{FAE04EC0-301F-11D3-BF4B-00C04F79EFBC}") = "INT0002.UU.GroupEvents", "..\INT0002.UU.GroupEvents\Src\INT0002.UU.GroupEvents.btproj", "{BB176D8E-4290-4FB5-A10C-C8877F802494}"
EndProject
Project("{FAE04EC0-301F-11D3-BF4B-00C04F79EFBC}") = "INT0003.AD.Distribution", "..\INT0003.AD.Distribution\Src\INT0003.AD.Distribution.btproj", "{5314680E-313B-494E-858C-BE1D2FF671FE}"
EndProject
Project("{FAE04EC0-301F-11D3-BF4B-00C04F79EFBC}") = "INT0004.AKKA.Identity", "..\INT0004.AKKA.Identity\Src\INT0004.AKKA.Identity.btproj", "{796293C5-9C6D-4B4E-8854-0B77165306EE}"
EndProject
Project("{FAE04EC0-301F-11D3-BF4B-00C04F79EFBC}") = "INT0009.Sesam.Events", "..\INT0009.Sesam.Events\Src\INT0009.Sesam.Events.btproj", "{5A27DAC8-0A2E-4533-905D-53D2682211B2}"
EndProject
Global
	GlobalSection(SolutionConfigurationPlatforms) = preSolution
		Debug|Any CPU = Debug|Any CPU
		Release|Any CPU = Release|Any CPU
	EndGlobalSection
	GlobalSection(ProjectConfigurationPlatforms) = postSolution
		{C72C832D-CD9B-412D-A784-E5991C57DAF4}.Debug|Any CPU.ActiveCfg = Debug|Any CPU
		{C72C832D-CD9B-412D-A784-E5991C57DAF4}.Debug|Any CPU.Build.0 = Debug|Any CPU
		{C72C832D-CD9B-412D-A784-E5991C57DAF4}.Debug|Any CPU.Deploy.0 = Debug|Any CPU
		{C72C832D-CD9B-412D-A784-E5991C57DAF4}.Release|Any CPU.ActiveCfg = Release|Any CPU
		{C72C832D-CD9B-412D-A784-E5991C57DAF4}.Release|Any CPU.Build.0 = Release|Any CPU
		{C72C832D-CD9B-412D-A784-E5991C57DAF4}.Release|Any CPU.Deploy.0 = Release|Any CPU
		{F6AA4D84-581A-4909-83BF-1994391EDFF6}.Debug|Any CPU.ActiveCfg = Debug|Any CPU
		{F6AA4D84-581A-4909-83BF-1994391EDFF6}.Debug|Any CPU.Build.0 = Debug|Any CPU
		{F6AA4D84-581A-4909-83BF-1994391EDFF6}.Debug|Any CPU.Deploy.0 = Debug|Any CPU
		{F6AA4D84-581A-4909-83BF-1994391EDFF6}.Release|Any CPU.ActiveCfg = Release|Any CPU
		{F6AA4D84-581A-4909-83BF-1994391EDFF6}.Release|Any CPU.Build.0 = Release|Any CPU
		{F6AA4D84-581A-4909-83BF-1994391EDFF6}.Release|Any CPU.Deploy.0 = Release|Any CPU
		{BB176D8E-4290-4FB5-A10C-C8877F802494}.Debug|Any CPU.ActiveCfg = Debug|Any CPU
		{BB176D8E-4290-4FB5-A10C-C8877F802494}.Debug|Any CPU.Build.0 = Debug|Any CPU
		{BB176D8E-4290-4FB5-A10C-C8877F802494}.Debug|Any CPU.Deploy.0 = Debug|Any CPU
		{BB176D8E-4290-4FB5-A10C-C8877F802494}.Release|Any CPU.ActiveCfg = Release|Any CPU
		{BB176D8E-4290-4FB5-A10C-C8877F802494}.Release|Any CPU.Build.0 = Release|Any CPU
		{BB176D8E-4290-4FB5-A10C-C8877F802494}.Release|Any CPU.Deploy.0 = Release|Any CPU
		{5314680E-313B-494E-858C-BE1D2FF671FE}.Debug|Any CPU.ActiveCfg = Debug|Any CPU
		{5314680E-313B-494E-858C-BE1D2FF671FE}.Debug|Any CPU.Build.0 = Debug|Any CPU
		{5314680E-313B-494E-858C-BE1D2FF671FE}.Debug|Any CPU.Deploy.0 = Debug|Any CPU
		{5314680E-313B-494E-858C-BE1D2FF671FE}.Release|Any CPU.ActiveCfg = Release|Any CPU
		{5314680E-313B-494E-858C-BE1D2FF671FE}.Release|Any CPU.Build.0 = Release|Any CPU
		{5314680E-313B-494E-858C-BE1D2FF671FE}.Release|Any CPU.Deploy.0 = Release|Any CPU
		{796293C5-9C6D-4B4E-8854-0B77165306EE}.Debug|Any CPU.ActiveCfg = Debug|Any CPU
		{796293C5-9C6D-4B4E-8854-0B77165306EE}.Debug|Any CPU.Build.0 = Debug|Any CPU
		{796293C5-9C6D-4B4E-8854-0B77165306EE}.Debug|Any CPU.Deploy.0 = Debug|Any CPU
		{796293C5-9C6D-4B4E-8854-0B77165306EE}.Release|Any CPU.ActiveCfg = Release|Any CPU
		{796293C5-9C6D-4B4E-8854-0B77165306EE}.Release|Any CPU.Build.0 = Release|Any CPU
		{796293C5-9C6D-4B4E-8854-0B77165306EE}.Release|Any CPU.Deploy.0 = Release|Any CPU
		{5A27DAC8-0A2E-4533-905D-53D2682211B2}.Debug|Any CPU.ActiveCfg = Debug|Any CPU
		{5A27DAC8-0A2E-4533-905D-53D2682211B2}.Debug|Any CPU.Build.0 = Debug|Any CPU
		{5A27DAC8-0A2E-4533-905D-53D2682211B2}.Debug|Any CPU.Deploy.0 = Debug|Any CPU
		{5A27DAC8-0A2E-4533-905D-53D2682211B2}.Release|Any CPU.ActiveCfg = Release|Any CPU
		{5A27DAC8-0A2E-4533-905D-53D2682211B2}.Release|Any CPU.Build.0 = Release|Any CPU
		{5A27DAC8-0A2E-4533-905D-53D2682211B2}.Release|Any CPU.Deploy.0 = Release|Any CPU
	EndGlobalSection
	GlobalSection(SolutionProperties) = preSolution
		HideSolutionNode = FALSE
	EndGlobalSection
EndGlobal
