
Microsoft Visual Studio Solution File, Format Version 12.00
# Visual Studio 14
VisualStudioVersion = 14.0.25420.1
MinimumVisualStudioVersion = 10.0.40219.1
Project("{FAE04EC0-301F-11D3-BF4B-00C04F79EFBC}") = "INT0016.Ladok3.Client", "..\INT0016.Ladok3.Client\Src\INT0016.Ladok3.Client.btproj", "{F6AA4D84-581A-4909-83BF-1994391EDFF6}"
EndProject
Project("{FAE04EC0-301F-11D3-BF4B-00C04F79EFBC}") = "INT0002.UU.GroupEvents", "..\INT0002.UU.GroupEvents\Src\INT0002.UU.GroupEvents.btproj", "{BB176D8E-4290-4FB5-A10C-C8877F802494}"
EndProject
Project("{FAE04EC0-301F-11D3-BF4B-00C04F79EFBC}") = "INT0003.AD.Distribution", "..\INT0003.AD.Distribution\Src\INT0003.AD.Distribution.btproj", "{5314680E-313B-494E-858C-BE1D2FF671FE}"
EndProject
Project("{FAE04EC0-301F-11D3-BF4B-00C04F79EFBC}") = "INT0004.AKKA.Identity", "..\INT0004.AKKA.Identity\Src\INT0004.AKKA.Identity.btproj", "{796293C5-9C6D-4B4E-8854-0B77165306EE}"
EndProject
Project("{FAE04EC0-301F-11D3-BF4B-00C04F79EFBC}") = "INT0007.UU.PersonEvents", "..\INT0007.UU.PersonEvents\Src\INT0007.UU.PersonEvents.btproj", "{8BB8D1DF-569D-40C1-99E4-64560F6D0F7D}"
EndProject
Project("{FAE04EC0-301F-11D3-BF4B-00C04F79EFBC}") = "INT0013.TimeEdit.Events", "..\INT0013.TimeEdit.Events\Src\INT0013.TimeEdit.Events.btproj", "{8E38BAD2-F2EE-433B-AB38-45CB7C814B72}"
EndProject
Project("{FAE04EC0-301F-11D3-BF4B-00C04F79EFBC}") = "INT0019.Delayed.Events", "..\INT0019.Delayed.Events\src\INT0019.Delayed.Events.btproj", "{16A4E1AC-2FF9-44AC-9E09-286D9501EBD1}"
EndProject
Project("{FAE04EC0-301F-11D3-BF4B-00C04F79EFBC}") = "INT0018.Delayed.Events", "..\INT0018.Delayed.Events\Src\INT0018.Delayed.Events.btproj", "{15A149CB-27DC-4408-AC46-3C4A7A321856}"
EndProject
Project("{FAE04EC0-301F-11D3-BF4B-00C04F79EFBC}") = "Shared.Schemas.GroupAndPersonEvents", "..\Shared.Schemas\GroupAndPersonEvents\Shared.Schemas.GroupAndPersonEvents.btproj", "{9D1F30B5-D31B-45B5-A6A0-466B33B42134}"
EndProject
Project("{FAE04EC0-301F-11D3-BF4B-00C04F79EFBC}") = "Shared.Schemas.Ladok", "..\Shared.Schemas\Ladok\Shared.Schemas.Ladok.btproj", "{9D4A5C43-4D0C-4848-84BD-797211B5AC52}"
EndProject
Project("{FAE04EC0-301F-11D3-BF4B-00C04F79EFBC}") = "Shared.Schemas.SdEvents", "..\Shared.Schemas\SdEvents\Shared.Schemas.SdEvents.btproj", "{51603B44-CDB7-452D-885B-7474522ABA89}"
EndProject
Project("{FAE04EC0-301F-11D3-BF4B-00C04F79EFBC}") = "INT0009.Sesam.Events", "..\INT0009.Sesam.Events\Src\INT0009.Sesam.Events.btproj", "{5A27DAC8-0A2E-4533-905D-53D2682211B2}"
EndProject
Project("{FAE04EC0-301F-11D3-BF4B-00C04F79EFBC}") = "INT0010.Studentportalen.Events", "..\INT0010.Studentportalen.Events\Src\INT0010.Studentportalen.Events.btproj", "{C066515F-2FCA-4F0A-95FD-60AC97601700}"
EndProject
Project("{FAE04EC0-301F-11D3-BF4B-00C04F79EFBC}") = "INT0011.VFU.Events", "..\INT0011.VFU.Events\Src\INT0011.VFU.Events.btproj", "{364F521B-3B00-4CEB-B306-C384D3FC2BB5}"
EndProject
Project("{FAE04EC0-301F-11D3-BF4B-00C04F79EFBC}") = "INT0012.esb.identity.rest", "..\INT0012.esb.identity.rest\src\INT0012.esb.identity.rest.btproj", "{4B158771-24DD-4C85-8438-AADC0F432120}"
EndProject
Project("{FAE04EC0-301F-11D3-BF4B-00C04F79EFBC}") = "INT0014.identity.sp.adapter", "..\INT0014.identity.sp.adapter\INT0014.identity.sp.adapter\INT0014.identity.sp.adapter.btproj", "{56E18B93-2AC9-4F95-89A1-C858ED302278}"
EndProject
Project("{FAE04EC0-301F-11D3-BF4B-00C04F79EFBC}") = "INT0015.Usmr.Identity.Distribution", "..\INT0015.Usmr.Identity.Distribution\INT0015.Usmr.Identity.Distribution\INT0015.Usmr.Identity.Distribution.btproj", "{63E7B3DF-53BD-44B9-81C8-CFD7CAA62FBB}"
EndProject
Project("{FAE04EC0-301F-11D3-BF4B-00C04F79EFBC}") = "INT0017.Usmr.Events", "..\INT0017.Usmr.Events\Src\INT0017.Usmr.Events.btproj", "{78176698-608A-45CE-A44E-5E5BC17999A4}"
EndProject
Project("{FAE04EC0-301F-11D3-BF4B-00C04F79EFBC}") = "INT0020.Ladok3.Events", "..\INT0020.Ladok3.Events\Src\INT0020.Ladok3.Events.btproj", "{1F194139-64B5-4BBB-9440-0AEAB4CC46B7}"
EndProject
Global
	GlobalSection(SolutionConfigurationPlatforms) = preSolution
		Debug|Any CPU = Debug|Any CPU
		Release|Any CPU = Release|Any CPU
	EndGlobalSection
	GlobalSection(ProjectConfigurationPlatforms) = postSolution
		{F6AA4D84-581A-4909-83BF-1994391EDFF6}.Debug|Any CPU.ActiveCfg = Debug|Any CPU
		{F6AA4D84-581A-4909-83BF-1994391EDFF6}.Debug|Any CPU.Build.0 = Debug|Any CPU
		{F6AA4D84-581A-4909-83BF-1994391EDFF6}.Debug|Any CPU.Deploy.0 = Debug|Any CPU
		{F6AA4D84-581A-4909-83BF-1994391EDFF6}.Release|Any CPU.ActiveCfg = Release|Any CPU
		{F6AA4D84-581A-4909-83BF-1994391EDFF6}.Release|Any CPU.Build.0 = Release|Any CPU
		{F6AA4D84-581A-4909-83BF-1994391EDFF6}.Release|Any CPU.Deploy.0 = Release|Any CPU
		{BB176D8E-4290-4FB5-A10C-C8877F802494}.Debug|Any CPU.ActiveCfg = Debug|Any CPU
		{BB176D8E-4290-4FB5-A10C-C8877F802494}.Debug|Any CPU.Build.0 = Debug|Any CPU
		{BB176D8E-4290-4FB5-A10C-C8877F802494}.Debug|Any CPU.Deploy.0 = Debug|Any CPU
		{BB176D8E-4290-4FB5-A10C-C8877F802494}.Release|Any CPU.ActiveCfg = Release|Any CPU
		{BB176D8E-4290-4FB5-A10C-C8877F802494}.Release|Any CPU.Build.0 = Release|Any CPU
		{BB176D8E-4290-4FB5-A10C-C8877F802494}.Release|Any CPU.Deploy.0 = Release|Any CPU
		{5314680E-313B-494E-858C-BE1D2FF671FE}.Debug|Any CPU.ActiveCfg = Debug|Any CPU
		{5314680E-313B-494E-858C-BE1D2FF671FE}.Debug|Any CPU.Build.0 = Debug|Any CPU
		{5314680E-313B-494E-858C-BE1D2FF671FE}.Debug|Any CPU.Deploy.0 = Debug|Any CPU
		{5314680E-313B-494E-858C-BE1D2FF671FE}.Release|Any CPU.ActiveCfg = Release|Any CPU
		{5314680E-313B-494E-858C-BE1D2FF671FE}.Release|Any CPU.Build.0 = Release|Any CPU
		{5314680E-313B-494E-858C-BE1D2FF671FE}.Release|Any CPU.Deploy.0 = Release|Any CPU
		{796293C5-9C6D-4B4E-8854-0B77165306EE}.Debug|Any CPU.ActiveCfg = Debug|Any CPU
		{796293C5-9C6D-4B4E-8854-0B77165306EE}.Debug|Any CPU.Build.0 = Debug|Any CPU
		{796293C5-9C6D-4B4E-8854-0B77165306EE}.Debug|Any CPU.Deploy.0 = Debug|Any CPU
		{796293C5-9C6D-4B4E-8854-0B77165306EE}.Release|Any CPU.ActiveCfg = Release|Any CPU
		{796293C5-9C6D-4B4E-8854-0B77165306EE}.Release|Any CPU.Build.0 = Release|Any CPU
		{796293C5-9C6D-4B4E-8854-0B77165306EE}.Release|Any CPU.Deploy.0 = Release|Any CPU
		{8BB8D1DF-569D-40C1-99E4-64560F6D0F7D}.Debug|Any CPU.ActiveCfg = Debug|Any CPU
		{8BB8D1DF-569D-40C1-99E4-64560F6D0F7D}.Debug|Any CPU.Build.0 = Debug|Any CPU
		{8BB8D1DF-569D-40C1-99E4-64560F6D0F7D}.Debug|Any CPU.Deploy.0 = Debug|Any CPU
		{8BB8D1DF-569D-40C1-99E4-64560F6D0F7D}.Release|Any CPU.ActiveCfg = Release|Any CPU
		{8BB8D1DF-569D-40C1-99E4-64560F6D0F7D}.Release|Any CPU.Build.0 = Release|Any CPU
		{8BB8D1DF-569D-40C1-99E4-64560F6D0F7D}.Release|Any CPU.Deploy.0 = Release|Any CPU
		{8E38BAD2-F2EE-433B-AB38-45CB7C814B72}.Debug|Any CPU.ActiveCfg = Debug|Any CPU
		{8E38BAD2-F2EE-433B-AB38-45CB7C814B72}.Debug|Any CPU.Build.0 = Debug|Any CPU
		{8E38BAD2-F2EE-433B-AB38-45CB7C814B72}.Debug|Any CPU.Deploy.0 = Debug|Any CPU
		{8E38BAD2-F2EE-433B-AB38-45CB7C814B72}.Release|Any CPU.ActiveCfg = Release|Any CPU
		{8E38BAD2-F2EE-433B-AB38-45CB7C814B72}.Release|Any CPU.Build.0 = Release|Any CPU
		{8E38BAD2-F2EE-433B-AB38-45CB7C814B72}.Release|Any CPU.Deploy.0 = Release|Any CPU
		{16A4E1AC-2FF9-44AC-9E09-286D9501EBD1}.Debug|Any CPU.ActiveCfg = Debug|Any CPU
		{16A4E1AC-2FF9-44AC-9E09-286D9501EBD1}.Debug|Any CPU.Build.0 = Debug|Any CPU
		{16A4E1AC-2FF9-44AC-9E09-286D9501EBD1}.Debug|Any CPU.Deploy.0 = Debug|Any CPU
		{16A4E1AC-2FF9-44AC-9E09-286D9501EBD1}.Release|Any CPU.ActiveCfg = Release|Any CPU
		{16A4E1AC-2FF9-44AC-9E09-286D9501EBD1}.Release|Any CPU.Build.0 = Release|Any CPU
		{16A4E1AC-2FF9-44AC-9E09-286D9501EBD1}.Release|Any CPU.Deploy.0 = Release|Any CPU
		{15A149CB-27DC-4408-AC46-3C4A7A321856}.Debug|Any CPU.ActiveCfg = Debug|Any CPU
		{15A149CB-27DC-4408-AC46-3C4A7A321856}.Debug|Any CPU.Build.0 = Debug|Any CPU
		{15A149CB-27DC-4408-AC46-3C4A7A321856}.Debug|Any CPU.Deploy.0 = Debug|Any CPU
		{15A149CB-27DC-4408-AC46-3C4A7A321856}.Release|Any CPU.ActiveCfg = Release|Any CPU
		{15A149CB-27DC-4408-AC46-3C4A7A321856}.Release|Any CPU.Build.0 = Release|Any CPU
		{15A149CB-27DC-4408-AC46-3C4A7A321856}.Release|Any CPU.Deploy.0 = Release|Any CPU
		{9D1F30B5-D31B-45B5-A6A0-466B33B42134}.Debug|Any CPU.ActiveCfg = Debug|Any CPU
		{9D1F30B5-D31B-45B5-A6A0-466B33B42134}.Release|Any CPU.ActiveCfg = Release|Any CPU
		{9D1F30B5-D31B-45B5-A6A0-466B33B42134}.Release|Any CPU.Build.0 = Release|Any CPU
		{9D1F30B5-D31B-45B5-A6A0-466B33B42134}.Release|Any CPU.Deploy.0 = Release|Any CPU
		{9D4A5C43-4D0C-4848-84BD-797211B5AC52}.Debug|Any CPU.ActiveCfg = Debug|Any CPU
		{9D4A5C43-4D0C-4848-84BD-797211B5AC52}.Release|Any CPU.ActiveCfg = Release|Any CPU
		{9D4A5C43-4D0C-4848-84BD-797211B5AC52}.Release|Any CPU.Build.0 = Release|Any CPU
		{9D4A5C43-4D0C-4848-84BD-797211B5AC52}.Release|Any CPU.Deploy.0 = Release|Any CPU
		{51603B44-CDB7-452D-885B-7474522ABA89}.Debug|Any CPU.ActiveCfg = Debug|Any CPU
		{51603B44-CDB7-452D-885B-7474522ABA89}.Release|Any CPU.ActiveCfg = Release|Any CPU
		{51603B44-CDB7-452D-885B-7474522ABA89}.Release|Any CPU.Build.0 = Release|Any CPU
		{51603B44-CDB7-452D-885B-7474522ABA89}.Release|Any CPU.Deploy.0 = Release|Any CPU
		{5A27DAC8-0A2E-4533-905D-53D2682211B2}.Debug|Any CPU.ActiveCfg = Debug|Any CPU
		{5A27DAC8-0A2E-4533-905D-53D2682211B2}.Debug|Any CPU.Build.0 = Debug|Any CPU
		{5A27DAC8-0A2E-4533-905D-53D2682211B2}.Debug|Any CPU.Deploy.0 = Debug|Any CPU
		{5A27DAC8-0A2E-4533-905D-53D2682211B2}.Release|Any CPU.ActiveCfg = Release|Any CPU
		{5A27DAC8-0A2E-4533-905D-53D2682211B2}.Release|Any CPU.Build.0 = Release|Any CPU
		{5A27DAC8-0A2E-4533-905D-53D2682211B2}.Release|Any CPU.Deploy.0 = Release|Any CPU
		{C066515F-2FCA-4F0A-95FD-60AC97601700}.Debug|Any CPU.ActiveCfg = Debug|Any CPU
		{C066515F-2FCA-4F0A-95FD-60AC97601700}.Debug|Any CPU.Build.0 = Debug|Any CPU
		{C066515F-2FCA-4F0A-95FD-60AC97601700}.Debug|Any CPU.Deploy.0 = Debug|Any CPU
		{C066515F-2FCA-4F0A-95FD-60AC97601700}.Release|Any CPU.ActiveCfg = Release|Any CPU
		{C066515F-2FCA-4F0A-95FD-60AC97601700}.Release|Any CPU.Build.0 = Release|Any CPU
		{C066515F-2FCA-4F0A-95FD-60AC97601700}.Release|Any CPU.Deploy.0 = Release|Any CPU
		{364F521B-3B00-4CEB-B306-C384D3FC2BB5}.Debug|Any CPU.ActiveCfg = Debug|Any CPU
		{364F521B-3B00-4CEB-B306-C384D3FC2BB5}.Debug|Any CPU.Build.0 = Debug|Any CPU
		{364F521B-3B00-4CEB-B306-C384D3FC2BB5}.Debug|Any CPU.Deploy.0 = Debug|Any CPU
		{364F521B-3B00-4CEB-B306-C384D3FC2BB5}.Release|Any CPU.ActiveCfg = Release|Any CPU
		{364F521B-3B00-4CEB-B306-C384D3FC2BB5}.Release|Any CPU.Build.0 = Release|Any CPU
		{364F521B-3B00-4CEB-B306-C384D3FC2BB5}.Release|Any CPU.Deploy.0 = Release|Any CPU
		{4B158771-24DD-4C85-8438-AADC0F432120}.Debug|Any CPU.ActiveCfg = Debug|Any CPU
		{4B158771-24DD-4C85-8438-AADC0F432120}.Debug|Any CPU.Build.0 = Debug|Any CPU
		{4B158771-24DD-4C85-8438-AADC0F432120}.Debug|Any CPU.Deploy.0 = Debug|Any CPU
		{4B158771-24DD-4C85-8438-AADC0F432120}.Release|Any CPU.ActiveCfg = Release|Any CPU
		{4B158771-24DD-4C85-8438-AADC0F432120}.Release|Any CPU.Build.0 = Release|Any CPU
		{4B158771-24DD-4C85-8438-AADC0F432120}.Release|Any CPU.Deploy.0 = Release|Any CPU
		{56E18B93-2AC9-4F95-89A1-C858ED302278}.Debug|Any CPU.ActiveCfg = Debug|Any CPU
		{56E18B93-2AC9-4F95-89A1-C858ED302278}.Debug|Any CPU.Build.0 = Debug|Any CPU
		{56E18B93-2AC9-4F95-89A1-C858ED302278}.Debug|Any CPU.Deploy.0 = Debug|Any CPU
		{56E18B93-2AC9-4F95-89A1-C858ED302278}.Release|Any CPU.ActiveCfg = Release|Any CPU
		{56E18B93-2AC9-4F95-89A1-C858ED302278}.Release|Any CPU.Build.0 = Release|Any CPU
		{56E18B93-2AC9-4F95-89A1-C858ED302278}.Release|Any CPU.Deploy.0 = Release|Any CPU
		{63E7B3DF-53BD-44B9-81C8-CFD7CAA62FBB}.Debug|Any CPU.ActiveCfg = Debug|Any CPU
		{63E7B3DF-53BD-44B9-81C8-CFD7CAA62FBB}.Debug|Any CPU.Build.0 = Debug|Any CPU
		{63E7B3DF-53BD-44B9-81C8-CFD7CAA62FBB}.Debug|Any CPU.Deploy.0 = Debug|Any CPU
		{63E7B3DF-53BD-44B9-81C8-CFD7CAA62FBB}.Release|Any CPU.ActiveCfg = Release|Any CPU
		{63E7B3DF-53BD-44B9-81C8-CFD7CAA62FBB}.Release|Any CPU.Build.0 = Release|Any CPU
		{63E7B3DF-53BD-44B9-81C8-CFD7CAA62FBB}.Release|Any CPU.Deploy.0 = Release|Any CPU
		{78176698-608A-45CE-A44E-5E5BC17999A4}.Debug|Any CPU.ActiveCfg = Debug|Any CPU
		{78176698-608A-45CE-A44E-5E5BC17999A4}.Debug|Any CPU.Build.0 = Debug|Any CPU
		{78176698-608A-45CE-A44E-5E5BC17999A4}.Debug|Any CPU.Deploy.0 = Debug|Any CPU
		{78176698-608A-45CE-A44E-5E5BC17999A4}.Release|Any CPU.ActiveCfg = Release|Any CPU
		{78176698-608A-45CE-A44E-5E5BC17999A4}.Release|Any CPU.Build.0 = Release|Any CPU
		{78176698-608A-45CE-A44E-5E5BC17999A4}.Release|Any CPU.Deploy.0 = Release|Any CPU
		{1F194139-64B5-4BBB-9440-0AEAB4CC46B7}.Debug|Any CPU.ActiveCfg = Debug|Any CPU
		{1F194139-64B5-4BBB-9440-0AEAB4CC46B7}.Debug|Any CPU.Build.0 = Debug|Any CPU
		{1F194139-64B5-4BBB-9440-0AEAB4CC46B7}.Debug|Any CPU.Deploy.0 = Debug|Any CPU
		{1F194139-64B5-4BBB-9440-0AEAB4CC46B7}.Release|Any CPU.ActiveCfg = Release|Any CPU
		{1F194139-64B5-4BBB-9440-0AEAB4CC46B7}.Release|Any CPU.Build.0 = Release|Any CPU
		{1F194139-64B5-4BBB-9440-0AEAB4CC46B7}.Release|Any CPU.Deploy.0 = Release|Any CPU
	EndGlobalSection
	GlobalSection(SolutionProperties) = preSolution
		HideSolutionNode = FALSE
	EndGlobalSection
EndGlobal
