
Microsoft Visual Studio Solution File, Format Version 11.00
# Visual Studio 2010
Project("{FAE04EC0-301F-11D3-BF4B-00C04F79EFBC}") = "INT0001.Ladok2.Helper", "INT0001.Ladok2.Helper.csproj", "{596DC1C7-F82E-410D-B14E-92F415B0932F}"
EndProject
Global
	GlobalSection(SolutionConfigurationPlatforms) = preSolution
		Debug|Any CPU = Debug|Any CPU
		Release|Any CPU = Release|Any CPU
	EndGlobalSection
	GlobalSection(ProjectConfigurationPlatforms) = postSolution
		{596DC1C7-F82E-410D-B14E-92F415B0932F}.Debug|Any CPU.ActiveCfg = Debug|Any CPU
		{596DC1C7-F82E-410D-B14E-92F415B0932F}.Debug|Any CPU.Build.0 = Debug|Any CPU
		{596DC1C7-F82E-410D-B14E-92F415B0932F}.Release|Any CPU.ActiveCfg = Release|Any CPU
		{596DC1C7-F82E-410D-B14E-92F415B0932F}.Release|Any CPU.Build.0 = Release|Any CPU
	EndGlobalSection
	GlobalSection(SolutionProperties) = preSolution
		HideSolutionNode = FALSE
	EndGlobalSection
EndGlobal
