
Microsoft Visual Studio Solution File, Format Version 12.00
# Visual Studio 14
VisualStudioVersion = 14.0.25420.1
MinimumVisualStudioVersion = 10.0.40219.1
Project("{FAE04EC0-301F-11D3-BF4B-00C04F79EFBC}") = "INT0001.Ladok2", "Src\INT0001.Ladok2.btproj", "{F113CC70-408C-43C1-84E4-E78F0FC0D7B8}"
EndProject
Project("{FAE04EC0-301F-11D3-BF4B-00C04F79EFBC}") = "INT0001.Ladok2.Helper", "Src\INT0001.Ladok2.Helper\INT0001.Ladok2.Helper.csproj", "{596DC1C7-F82E-410D-B14E-92F415B0932F}"
EndProject
Global
	GlobalSection(SolutionConfigurationPlatforms) = preSolution
		Debug|Any CPU = Debug|Any CPU
		Release|Any CPU = Release|Any CPU
	EndGlobalSection
	GlobalSection(ProjectConfigurationPlatforms) = postSolution
		{F113CC70-408C-43C1-84E4-E78F0FC0D7B8}.Debug|Any CPU.ActiveCfg = Debug|Any CPU
		{F113CC70-408C-43C1-84E4-E78F0FC0D7B8}.Debug|Any CPU.Build.0 = Debug|Any CPU
		{F113CC70-408C-43C1-84E4-E78F0FC0D7B8}.Debug|Any CPU.Deploy.0 = Debug|Any CPU
		{F113CC70-408C-43C1-84E4-E78F0FC0D7B8}.Release|Any CPU.ActiveCfg = Release|Any CPU
		{F113CC70-408C-43C1-84E4-E78F0FC0D7B8}.Release|Any CPU.Build.0 = Release|Any CPU
		{F113CC70-408C-43C1-84E4-E78F0FC0D7B8}.Release|Any CPU.Deploy.0 = Release|Any CPU
		{596DC1C7-F82E-410D-B14E-92F415B0932F}.Debug|Any CPU.ActiveCfg = Debug|Any CPU
		{596DC1C7-F82E-410D-B14E-92F415B0932F}.Debug|Any CPU.Build.0 = Debug|Any CPU
		{596DC1C7-F82E-410D-B14E-92F415B0932F}.Release|Any CPU.ActiveCfg = Release|Any CPU
		{596DC1C7-F82E-410D-B14E-92F415B0932F}.Release|Any CPU.Build.0 = Release|Any CPU
	EndGlobalSection
	GlobalSection(SolutionProperties) = preSolution
		HideSolutionNode = FALSE
	EndGlobalSection
EndGlobal
