
Microsoft Visual Studio Solution File, Format Version 12.00
# Visual Studio 14
VisualStudioVersion = 14.0.25420.1
MinimumVisualStudioVersion = 10.0.40219.1
Project("{FAE04EC0-301F-11D3-BF4B-00C04F79EFBC}") = "INT0015.Usmr.Identity.Distribution", "INT0015.Usmr.Identity.Distribution\INT0015.Usmr.Identity.Distribution.btproj", "{63E7B3DF-53BD-44B9-81C8-CFD7CAA62FBB}"
EndProject
Global
	GlobalSection(SolutionConfigurationPlatforms) = preSolution
		Debug|Any CPU = Debug|Any CPU
		Release|Any CPU = Release|Any CPU
	EndGlobalSection
	GlobalSection(ProjectConfigurationPlatforms) = postSolution
		{63E7B3DF-53BD-44B9-81C8-CFD7CAA62FBB}.Debug|Any CPU.ActiveCfg = Debug|Any CPU
		{63E7B3DF-53BD-44B9-81C8-CFD7CAA62FBB}.Debug|Any CPU.Build.0 = Debug|Any CPU
		{63E7B3DF-53BD-44B9-81C8-CFD7CAA62FBB}.Debug|Any CPU.Deploy.0 = Debug|Any CPU
		{63E7B3DF-53BD-44B9-81C8-CFD7CAA62FBB}.Release|Any CPU.ActiveCfg = Release|Any CPU
		{63E7B3DF-53BD-44B9-81C8-CFD7CAA62FBB}.Release|Any CPU.Build.0 = Release|Any CPU
		{63E7B3DF-53BD-44B9-81C8-CFD7CAA62FBB}.Release|Any CPU.Deploy.0 = Release|Any CPU
	EndGlobalSection
	GlobalSection(SolutionProperties) = preSolution
		HideSolutionNode = FALSE
	EndGlobalSection
EndGlobal
