
Microsoft Visual Studio Solution File, Format Version 12.00
# Visual Studio 14
VisualStudioVersion = 14.0.25420.1
MinimumVisualStudioVersion = 10.0.40219.1
Project("{FAE04EC0-301F-11D3-BF4B-00C04F79EFBC}") = "Shared.Utilities.SSOClientHelper", "SSOClientHelper\Shared.Utilities.SSOClientHelper.csproj", "{AD6EB30F-26DF-47A5-B538-E27FDDA1C59D}"
EndProject
Project("{FAE04EC0-301F-11D3-BF4B-00C04F79EFBC}") = "Shared.Utilities.MySQLClientHelper", "MySQLClientHelper\Shared.Utilities.MySQLClientHelper.csproj", "{BDCED715-FE0F-4A14-B56B-37FEB06BF59D}"
EndProject
Global
	GlobalSection(SolutionConfigurationPlatforms) = preSolution
		Debug|Any CPU = Debug|Any CPU
		Release|Any CPU = Release|Any CPU
	EndGlobalSection
	GlobalSection(ProjectConfigurationPlatforms) = postSolution
		{AD6EB30F-26DF-47A5-B538-E27FDDA1C59D}.Debug|Any CPU.ActiveCfg = Debug|Any CPU
		{AD6EB30F-26DF-47A5-B538-E27FDDA1C59D}.Debug|Any CPU.Build.0 = Debug|Any CPU
		{AD6EB30F-26DF-47A5-B538-E27FDDA1C59D}.Release|Any CPU.ActiveCfg = Release|Any CPU
		{AD6EB30F-26DF-47A5-B538-E27FDDA1C59D}.Release|Any CPU.Build.0 = Release|Any CPU
		{BDCED715-FE0F-4A14-B56B-37FEB06BF59D}.Debug|Any CPU.ActiveCfg = Debug|Any CPU
		{BDCED715-FE0F-4A14-B56B-37FEB06BF59D}.Debug|Any CPU.Build.0 = Debug|Any CPU
		{BDCED715-FE0F-4A14-B56B-37FEB06BF59D}.Release|Any CPU.ActiveCfg = Release|Any CPU
		{BDCED715-FE0F-4A14-B56B-37FEB06BF59D}.Release|Any CPU.Build.0 = Release|Any CPU
	EndGlobalSection
	GlobalSection(SolutionProperties) = preSolution
		HideSolutionNode = FALSE
	EndGlobalSection
EndGlobal
