
Microsoft Visual Studio Solution File, Format Version 12.00
# Visual Studio 14
VisualStudioVersion = 14.0.25420.1
MinimumVisualStudioVersion = 10.0.40219.1
Project("{FAE04EC0-301F-11D3-BF4B-00C04F79EFBC}") = "INT0001.Ladok2.Events", "Src\INT0001.Ladok2.Events.btproj", "{F113CC70-408C-43C1-84E4-E78F0FC0D7B8}"
EndProject
Project("{FAE04EC0-301F-11D3-BF4B-00C04F79EFBC}") = "INT0001.Ladok.Tests", "Tests\INT0001.Ladok.Tests\INT0001.Ladok.Tests.btproj", "{59CC81D6-3190-457D-AB73-FDE00CC9A7EE}"
EndProject
Project("{FAE04EC0-301F-11D3-BF4B-00C04F79EFBC}") = "INT0001.Ladok.SQLTests", "Tests\INT0001.Ladok.SQLTests\INT0001.Ladok.SQLTests.csproj", "{ECD78B19-A25B-415D-A43C-B239E87AC92C}"
EndProject
Global
	GlobalSection(SolutionConfigurationPlatforms) = preSolution
		Debug|Any CPU = Debug|Any CPU
		Development|Any CPU = Development|Any CPU
		Release|Any CPU = Release|Any CPU
	EndGlobalSection
	GlobalSection(ProjectConfigurationPlatforms) = postSolution
		{F113CC70-408C-43C1-84E4-E78F0FC0D7B8}.Debug|Any CPU.ActiveCfg = Debug|Any CPU
		{F113CC70-408C-43C1-84E4-E78F0FC0D7B8}.Debug|Any CPU.Build.0 = Debug|Any CPU
		{F113CC70-408C-43C1-84E4-E78F0FC0D7B8}.Debug|Any CPU.Deploy.0 = Debug|Any CPU
		{F113CC70-408C-43C1-84E4-E78F0FC0D7B8}.Development|Any CPU.ActiveCfg = Debug|Any CPU
		{F113CC70-408C-43C1-84E4-E78F0FC0D7B8}.Development|Any CPU.Build.0 = Debug|Any CPU
		{F113CC70-408C-43C1-84E4-E78F0FC0D7B8}.Development|Any CPU.Deploy.0 = Debug|Any CPU
		{F113CC70-408C-43C1-84E4-E78F0FC0D7B8}.Release|Any CPU.ActiveCfg = Release|Any CPU
		{F113CC70-408C-43C1-84E4-E78F0FC0D7B8}.Release|Any CPU.Build.0 = Release|Any CPU
		{F113CC70-408C-43C1-84E4-E78F0FC0D7B8}.Release|Any CPU.Deploy.0 = Release|Any CPU
		{59CC81D6-3190-457D-AB73-FDE00CC9A7EE}.Debug|Any CPU.ActiveCfg = Debug|Any CPU
		{59CC81D6-3190-457D-AB73-FDE00CC9A7EE}.Development|Any CPU.ActiveCfg = Debug|Any CPU
		{59CC81D6-3190-457D-AB73-FDE00CC9A7EE}.Development|Any CPU.Build.0 = Debug|Any CPU
		{59CC81D6-3190-457D-AB73-FDE00CC9A7EE}.Development|Any CPU.Deploy.0 = Debug|Any CPU
		{59CC81D6-3190-457D-AB73-FDE00CC9A7EE}.Release|Any CPU.ActiveCfg = Release|Any CPU
		{59CC81D6-3190-457D-AB73-FDE00CC9A7EE}.Release|Any CPU.Build.0 = Release|Any CPU
		{59CC81D6-3190-457D-AB73-FDE00CC9A7EE}.Release|Any CPU.Deploy.0 = Release|Any CPU
		{ECD78B19-A25B-415D-A43C-B239E87AC92C}.Debug|Any CPU.ActiveCfg = Debug|Any CPU
		{ECD78B19-A25B-415D-A43C-B239E87AC92C}.Debug|Any CPU.Build.0 = Debug|Any CPU
		{ECD78B19-A25B-415D-A43C-B239E87AC92C}.Development|Any CPU.ActiveCfg = Debug|Any CPU
		{ECD78B19-A25B-415D-A43C-B239E87AC92C}.Development|Any CPU.Build.0 = Debug|Any CPU
		{ECD78B19-A25B-415D-A43C-B239E87AC92C}.Release|Any CPU.ActiveCfg = Release|Any CPU
		{ECD78B19-A25B-415D-A43C-B239E87AC92C}.Release|Any CPU.Build.0 = Release|Any CPU
	EndGlobalSection
	GlobalSection(SolutionProperties) = preSolution
		HideSolutionNode = FALSE
	EndGlobalSection
EndGlobal
