
Microsoft Visual Studio Solution File, Format Version 12.00
# Visual Studio 14
VisualStudioVersion = 14.0.25420.1
MinimumVisualStudioVersion = 10.0.40219.1
Project("{FAE04EC0-301F-11D3-BF4B-00C04F79EFBC}") = "Shared.Schemas.GroupAndPersonEvents", "GroupAndPersonEvents\Shared.Schemas.GroupAndPersonEvents.btproj", "{9D1F30B5-D31B-45B5-A6A0-466B33B42134}"
EndProject
Project("{FAE04EC0-301F-11D3-BF4B-00C04F79EFBC}") = "Shared.Schemas.Ladok", "Ladok\Shared.Schemas.Ladok.btproj", "{9D4A5C43-4D0C-4848-84BD-797211B5AC52}"
EndProject
Project("{FAE04EC0-301F-11D3-BF4B-00C04F79EFBC}") = "Shared.Schemas.SdEvents", "SdEvents\Shared.Schemas.SdEvents.btproj", "{51603B44-CDB7-452D-885B-7474522ABA89}"
EndProject
Project("{FAE04EC0-301F-11D3-BF4B-00C04F79EFBC}") = "Shared.TemporarySchemas.Ladok", "Shared.AddedSchemas.Ladok\Shared.TemporarySchemas.Ladok.btproj", "{935DBE6A-8A29-4677-A04A-E0919FE282FC}"
EndProject
Global
	GlobalSection(SolutionConfigurationPlatforms) = preSolution
		Debug|Any CPU = Debug|Any CPU
		Release|Any CPU = Release|Any CPU
	EndGlobalSection
	GlobalSection(ProjectConfigurationPlatforms) = postSolution
		{9D1F30B5-D31B-45B5-A6A0-466B33B42134}.Debug|Any CPU.ActiveCfg = Debug|Any CPU
		{9D1F30B5-D31B-45B5-A6A0-466B33B42134}.Release|Any CPU.ActiveCfg = Release|Any CPU
		{9D1F30B5-D31B-45B5-A6A0-466B33B42134}.Release|Any CPU.Build.0 = Release|Any CPU
		{9D1F30B5-D31B-45B5-A6A0-466B33B42134}.Release|Any CPU.Deploy.0 = Release|Any CPU
		{9D4A5C43-4D0C-4848-84BD-797211B5AC52}.Debug|Any CPU.ActiveCfg = Debug|Any CPU
		{9D4A5C43-4D0C-4848-84BD-797211B5AC52}.Release|Any CPU.ActiveCfg = Release|Any CPU
		{9D4A5C43-4D0C-4848-84BD-797211B5AC52}.Release|Any CPU.Build.0 = Release|Any CPU
		{9D4A5C43-4D0C-4848-84BD-797211B5AC52}.Release|Any CPU.Deploy.0 = Release|Any CPU
		{51603B44-CDB7-452D-885B-7474522ABA89}.Debug|Any CPU.ActiveCfg = Debug|Any CPU
		{51603B44-CDB7-452D-885B-7474522ABA89}.Release|Any CPU.ActiveCfg = Release|Any CPU
		{51603B44-CDB7-452D-885B-7474522ABA89}.Release|Any CPU.Build.0 = Release|Any CPU
		{51603B44-CDB7-452D-885B-7474522ABA89}.Release|Any CPU.Deploy.0 = Release|Any CPU
		{935DBE6A-8A29-4677-A04A-E0919FE282FC}.Debug|Any CPU.ActiveCfg = Debug|Any CPU
		{935DBE6A-8A29-4677-A04A-E0919FE282FC}.Debug|Any CPU.Build.0 = Debug|Any CPU
		{935DBE6A-8A29-4677-A04A-E0919FE282FC}.Debug|Any CPU.Deploy.0 = Debug|Any CPU
		{935DBE6A-8A29-4677-A04A-E0919FE282FC}.Release|Any CPU.ActiveCfg = Release|Any CPU
		{935DBE6A-8A29-4677-A04A-E0919FE282FC}.Release|Any CPU.Build.0 = Release|Any CPU
		{935DBE6A-8A29-4677-A04A-E0919FE282FC}.Release|Any CPU.Deploy.0 = Release|Any CPU
	EndGlobalSection
	GlobalSection(SolutionProperties) = preSolution
		HideSolutionNode = FALSE
	EndGlobalSection
EndGlobal
