
Microsoft Visual Studio Solution File, Format Version 12.00
# Visual Studio 14
VisualStudioVersion = 14.0.25420.1
MinimumVisualStudioVersion = 10.0.40219.1
Project("{FAE04EC0-301F-11D3-BF4B-00C04F79EFBC}") = "Shared.Schemas.GroupEvents", "GroupEvents\Shared.Schemas.GroupEvents.btproj", "{9D1F30B5-D31B-45B5-A6A0-466B33B42134}"
EndProject
Project("{FAE04EC0-301F-11D3-BF4B-00C04F79EFBC}") = "Shared.Schemas.Ladok", "Ladok\Shared.Schemas.Ladok.btproj", "{9D4A5C43-4D0C-4848-84BD-797211B5AC52}"
EndProject
Project("{FAE04EC0-301F-11D3-BF4B-00C04F79EFBC}") = "Shared.Schemas.ADEvents", "ADEvents\Shared.Schemas.ADEvents.btproj", "{40A35CA8-548E-4375-BFCA-34EC08741512}"
	ProjectSection(ProjectDependencies) = postProject
		{BA5E8C2D-6E56-494E-849E-16BACDA64C50} = {BA5E8C2D-6E56-494E-849E-16BACDA64C50}
	EndProjectSection
EndProject
Project("{FAE04EC0-301F-11D3-BF4B-00C04F79EFBC}") = "Shared.Schemas.PersonEvents", "PersonEvents\Shared.Schemas.PersonEvents.btproj", "{3CC0DE2B-D185-4943-A8E6-34BE05EB3424}"
EndProject
Project("{FAE04EC0-301F-11D3-BF4B-00C04F79EFBC}") = "Shared.Schemas.Common", "Common\Shared.Schemas.Common.btproj", "{BA5E8C2D-6E56-494E-849E-16BACDA64C50}"
EndProject
Global
	GlobalSection(SolutionConfigurationPlatforms) = preSolution
		Debug|Any CPU = Debug|Any CPU
		Release|Any CPU = Release|Any CPU
	EndGlobalSection
	GlobalSection(ProjectConfigurationPlatforms) = postSolution
		{9D1F30B5-D31B-45B5-A6A0-466B33B42134}.Debug|Any CPU.ActiveCfg = Debug|Any CPU
		{9D1F30B5-D31B-45B5-A6A0-466B33B42134}.Debug|Any CPU.Build.0 = Debug|Any CPU
		{9D1F30B5-D31B-45B5-A6A0-466B33B42134}.Debug|Any CPU.Deploy.0 = Debug|Any CPU
		{9D1F30B5-D31B-45B5-A6A0-466B33B42134}.Release|Any CPU.ActiveCfg = Release|Any CPU
		{9D1F30B5-D31B-45B5-A6A0-466B33B42134}.Release|Any CPU.Build.0 = Release|Any CPU
		{9D1F30B5-D31B-45B5-A6A0-466B33B42134}.Release|Any CPU.Deploy.0 = Release|Any CPU
		{9D4A5C43-4D0C-4848-84BD-797211B5AC52}.Debug|Any CPU.ActiveCfg = Debug|Any CPU
		{9D4A5C43-4D0C-4848-84BD-797211B5AC52}.Debug|Any CPU.Build.0 = Debug|Any CPU
		{9D4A5C43-4D0C-4848-84BD-797211B5AC52}.Debug|Any CPU.Deploy.0 = Debug|Any CPU
		{9D4A5C43-4D0C-4848-84BD-797211B5AC52}.Release|Any CPU.ActiveCfg = Release|Any CPU
		{9D4A5C43-4D0C-4848-84BD-797211B5AC52}.Release|Any CPU.Build.0 = Release|Any CPU
		{9D4A5C43-4D0C-4848-84BD-797211B5AC52}.Release|Any CPU.Deploy.0 = Release|Any CPU
		{40A35CA8-548E-4375-BFCA-34EC08741512}.Debug|Any CPU.ActiveCfg = Debug|Any CPU
		{40A35CA8-548E-4375-BFCA-34EC08741512}.Debug|Any CPU.Build.0 = Debug|Any CPU
		{40A35CA8-548E-4375-BFCA-34EC08741512}.Debug|Any CPU.Deploy.0 = Debug|Any CPU
		{40A35CA8-548E-4375-BFCA-34EC08741512}.Release|Any CPU.ActiveCfg = Release|Any CPU
		{40A35CA8-548E-4375-BFCA-34EC08741512}.Release|Any CPU.Build.0 = Release|Any CPU
		{40A35CA8-548E-4375-BFCA-34EC08741512}.Release|Any CPU.Deploy.0 = Release|Any CPU
		{3CC0DE2B-D185-4943-A8E6-34BE05EB3424}.Debug|Any CPU.ActiveCfg = Debug|Any CPU
		{3CC0DE2B-D185-4943-A8E6-34BE05EB3424}.Debug|Any CPU.Build.0 = Debug|Any CPU
		{3CC0DE2B-D185-4943-A8E6-34BE05EB3424}.Debug|Any CPU.Deploy.0 = Debug|Any CPU
		{3CC0DE2B-D185-4943-A8E6-34BE05EB3424}.Release|Any CPU.ActiveCfg = Release|Any CPU
		{3CC0DE2B-D185-4943-A8E6-34BE05EB3424}.Release|Any CPU.Build.0 = Release|Any CPU
		{3CC0DE2B-D185-4943-A8E6-34BE05EB3424}.Release|Any CPU.Deploy.0 = Release|Any CPU
		{BA5E8C2D-6E56-494E-849E-16BACDA64C50}.Debug|Any CPU.ActiveCfg = Debug|Any CPU
		{BA5E8C2D-6E56-494E-849E-16BACDA64C50}.Debug|Any CPU.Build.0 = Debug|Any CPU
		{BA5E8C2D-6E56-494E-849E-16BACDA64C50}.Debug|Any CPU.Deploy.0 = Debug|Any CPU
		{BA5E8C2D-6E56-494E-849E-16BACDA64C50}.Release|Any CPU.ActiveCfg = Release|Any CPU
		{BA5E8C2D-6E56-494E-849E-16BACDA64C50}.Release|Any CPU.Build.0 = Release|Any CPU
		{BA5E8C2D-6E56-494E-849E-16BACDA64C50}.Release|Any CPU.Deploy.0 = Release|Any CPU
	EndGlobalSection
	GlobalSection(SolutionProperties) = preSolution
		HideSolutionNode = FALSE
	EndGlobalSection
EndGlobal
