
Microsoft Visual Studio Solution File, Format Version 12.00
# Visual Studio 2013
VisualStudioVersion = 12.0.21005.1
MinimumVisualStudioVersion = 10.0.40219.1
Project("{FAE04EC0-301F-11D3-BF4B-00C04F79EFBC}") = "Ladok2GroupAdapter", "Ladok2GroupAdapter\Ladok2GroupAdapter.btproj", "{C1C6CA2A-FD17-4144-A358-91C20141FA2E}"
EndProject
Project("{FAE04EC0-301F-11D3-BF4B-00C04F79EFBC}") = "Common", "Common\Common.btproj", "{3FF5289C-B045-4BD2-9489-A16320E738A9}"
EndProject
Project("{FAE04EC0-301F-11D3-BF4B-00C04F79EFBC}") = "ADtest", "ADtest\ADtest.btproj", "{FCF79262-86C8-46D4-B2EE-EEF72A2522F4}"
EndProject
Project("{FAE04EC0-301F-11D3-BF4B-00C04F79EFBC}") = "ESBGroupDistribution", "ESBGroupDistribution\ESBGroupDistribution.btproj", "{CC196ABF-C593-4A5A-BEA4-C028449F76A6}"
EndProject
Project("{FAE04EC0-301F-11D3-BF4B-00C04F79EFBC}") = "GroupADAdapter", "GroupADAdapter\GroupADAdapter.btproj", "{7422DC29-4E93-483B-B464-868994055BC9}"
EndProject
Global
	GlobalSection(SolutionConfigurationPlatforms) = preSolution
		Debug|Any CPU = Debug|Any CPU
		Release|Any CPU = Release|Any CPU
	EndGlobalSection
	GlobalSection(ProjectConfigurationPlatforms) = postSolution
		{C1C6CA2A-FD17-4144-A358-91C20141FA2E}.Debug|Any CPU.ActiveCfg = Debug|Any CPU
		{C1C6CA2A-FD17-4144-A358-91C20141FA2E}.Debug|Any CPU.Build.0 = Debug|Any CPU
		{C1C6CA2A-FD17-4144-A358-91C20141FA2E}.Debug|Any CPU.Deploy.0 = Debug|Any CPU
		{C1C6CA2A-FD17-4144-A358-91C20141FA2E}.Release|Any CPU.ActiveCfg = Release|Any CPU
		{C1C6CA2A-FD17-4144-A358-91C20141FA2E}.Release|Any CPU.Build.0 = Release|Any CPU
		{C1C6CA2A-FD17-4144-A358-91C20141FA2E}.Release|Any CPU.Deploy.0 = Release|Any CPU
		{3FF5289C-B045-4BD2-9489-A16320E738A9}.Debug|Any CPU.ActiveCfg = Debug|Any CPU
		{3FF5289C-B045-4BD2-9489-A16320E738A9}.Debug|Any CPU.Build.0 = Debug|Any CPU
		{3FF5289C-B045-4BD2-9489-A16320E738A9}.Debug|Any CPU.Deploy.0 = Debug|Any CPU
		{3FF5289C-B045-4BD2-9489-A16320E738A9}.Release|Any CPU.ActiveCfg = Release|Any CPU
		{3FF5289C-B045-4BD2-9489-A16320E738A9}.Release|Any CPU.Build.0 = Release|Any CPU
		{3FF5289C-B045-4BD2-9489-A16320E738A9}.Release|Any CPU.Deploy.0 = Release|Any CPU
		{FCF79262-86C8-46D4-B2EE-EEF72A2522F4}.Debug|Any CPU.ActiveCfg = Debug|Any CPU
		{FCF79262-86C8-46D4-B2EE-EEF72A2522F4}.Release|Any CPU.ActiveCfg = Release|Any CPU
		{FCF79262-86C8-46D4-B2EE-EEF72A2522F4}.Release|Any CPU.Build.0 = Release|Any CPU
		{FCF79262-86C8-46D4-B2EE-EEF72A2522F4}.Release|Any CPU.Deploy.0 = Release|Any CPU
		{CC196ABF-C593-4A5A-BEA4-C028449F76A6}.Debug|Any CPU.ActiveCfg = Debug|Any CPU
		{CC196ABF-C593-4A5A-BEA4-C028449F76A6}.Debug|Any CPU.Build.0 = Debug|Any CPU
		{CC196ABF-C593-4A5A-BEA4-C028449F76A6}.Debug|Any CPU.Deploy.0 = Debug|Any CPU
		{CC196ABF-C593-4A5A-BEA4-C028449F76A6}.Release|Any CPU.ActiveCfg = Release|Any CPU
		{CC196ABF-C593-4A5A-BEA4-C028449F76A6}.Release|Any CPU.Build.0 = Release|Any CPU
		{CC196ABF-C593-4A5A-BEA4-C028449F76A6}.Release|Any CPU.Deploy.0 = Release|Any CPU
		{7422DC29-4E93-483B-B464-868994055BC9}.Debug|Any CPU.ActiveCfg = Debug|Any CPU
		{7422DC29-4E93-483B-B464-868994055BC9}.Debug|Any CPU.Build.0 = Debug|Any CPU
		{7422DC29-4E93-483B-B464-868994055BC9}.Debug|Any CPU.Deploy.0 = Debug|Any CPU
		{7422DC29-4E93-483B-B464-868994055BC9}.Release|Any CPU.ActiveCfg = Release|Any CPU
		{7422DC29-4E93-483B-B464-868994055BC9}.Release|Any CPU.Build.0 = Release|Any CPU
		{7422DC29-4E93-483B-B464-868994055BC9}.Release|Any CPU.Deploy.0 = Release|Any CPU
	EndGlobalSection
	GlobalSection(SolutionProperties) = preSolution
		HideSolutionNode = FALSE
	EndGlobalSection
EndGlobal
