Microsoft Visual Studio Solution File, Format Version 12.00
# Visual Studio 14
VisualStudioVersion = 14.0.25420.1
MinimumVisualStudioVersion = 10.0.40219.1
Project("{FAE04EC0-301F-11D3-BF4B-00C04F79EFBC}") = "BizTalk.Adapter.Atom", "Runtime\BizTalk.Adapter.Atom.csproj", "{3656AC9F-EA0B-4319-82E0-6655926DF106}"
EndProject
Project("{FAE04EC0-301F-11D3-BF4B-00C04F79EFBC}") = "BizTalk.Adapter.AtomAdmin", "Admin\BizTalk.Adapter.AtomAdmin.csproj", "{B1B691D3-E72F-4FFD-9C39-A451D3AF8C50}"
EndProject
Project("{FAE04EC0-301F-11D3-BF4B-00C04F79EFBC}") = "Microsoft.BizTalk.Adapter.Common", "BaseAdapter\v1.0.2\Microsoft.BizTalk.Adapter.Common.csproj", "{44B780E7-6D79-4BAF-9994-28CFFA1172A6}"
EndProject
Project("{FAE04EC0-301F-11D3-BF4B-00C04F79EFBC}") = "Shared.Components.AtomReader", "AtomReader\Shared.Components.AtomReader.csproj", "{B1E0F49E-4425-4495-A349-F0D0DD2CC1B0}"
EndProject
Project("{FAE04EC0-301F-11D3-BF4B-00C04F79EFBC}") = "AtomReaderConsole", "AtomReader\Tests\AtomReaderConsole\AtomReaderConsole.csproj", "{3F22111A-9F9D-41CC-BDD0-C9C8B5AAD837}"
EndProject
Project("{FAE04EC0-301F-11D3-BF4B-00C04F79EFBC}") = "BizTalk.Adapter.AtomSchema", "Schema\BizTalk.Adapter.AtomSchema.btproj", "{034FD57C-C14E-4E70-936B-628F230FCB9B}"
EndProject
Global
	GlobalSection(SolutionConfigurationPlatforms) = preSolution
		Debug|Any CPU = Debug|Any CPU
		Release|Any CPU = Release|Any CPU
	EndGlobalSection
	GlobalSection(ProjectConfigurationPlatforms) = postSolution
		{3656AC9F-EA0B-4319-82E0-6655926DF106}.Debug|Any CPU.ActiveCfg = Debug|Any CPU
		{3656AC9F-EA0B-4319-82E0-6655926DF106}.Debug|Any CPU.Build.0 = Debug|Any CPU
		{3656AC9F-EA0B-4319-82E0-6655926DF106}.Release|Any CPU.ActiveCfg = Release|Any CPU
		{3656AC9F-EA0B-4319-82E0-6655926DF106}.Release|Any CPU.Build.0 = Release|Any CPU
		{B1B691D3-E72F-4FFD-9C39-A451D3AF8C50}.Debug|Any CPU.ActiveCfg = Debug|Any CPU
		{B1B691D3-E72F-4FFD-9C39-A451D3AF8C50}.Debug|Any CPU.Build.0 = Debug|Any CPU
		{B1B691D3-E72F-4FFD-9C39-A451D3AF8C50}.Release|Any CPU.ActiveCfg = Release|Any CPU
		{B1B691D3-E72F-4FFD-9C39-A451D3AF8C50}.Release|Any CPU.Build.0 = Release|Any CPU
		{44B780E7-6D79-4BAF-9994-28CFFA1172A6}.Debug|Any CPU.ActiveCfg = Debug|Any CPU
		{44B780E7-6D79-4BAF-9994-28CFFA1172A6}.Debug|Any CPU.Build.0 = Debug|Any CPU
		{44B780E7-6D79-4BAF-9994-28CFFA1172A6}.Release|Any CPU.ActiveCfg = Release|Any CPU
		{44B780E7-6D79-4BAF-9994-28CFFA1172A6}.Release|Any CPU.Build.0 = Release|Any CPU
		{B1E0F49E-4425-4495-A349-F0D0DD2CC1B0}.Debug|Any CPU.ActiveCfg = Debug|Any CPU
		{B1E0F49E-4425-4495-A349-F0D0DD2CC1B0}.Debug|Any CPU.Build.0 = Debug|Any CPU
		{B1E0F49E-4425-4495-A349-F0D0DD2CC1B0}.Release|Any CPU.ActiveCfg = Release|Any CPU
		{B1E0F49E-4425-4495-A349-F0D0DD2CC1B0}.Release|Any CPU.Build.0 = Release|Any CPU
		{3F22111A-9F9D-41CC-BDD0-C9C8B5AAD837}.Debug|Any CPU.ActiveCfg = Debug|Any CPU
		{3F22111A-9F9D-41CC-BDD0-C9C8B5AAD837}.Debug|Any CPU.Build.0 = Debug|Any CPU
		{3F22111A-9F9D-41CC-BDD0-C9C8B5AAD837}.Release|Any CPU.ActiveCfg = Release|Any CPU
		{3F22111A-9F9D-41CC-BDD0-C9C8B5AAD837}.Release|Any CPU.Build.0 = Release|Any CPU
		{034FD57C-C14E-4E70-936B-628F230FCB9B}.Debug|Any CPU.ActiveCfg = Debug|Any CPU
		{034FD57C-C14E-4E70-936B-628F230FCB9B}.Debug|Any CPU.Build.0 = Debug|Any CPU
		{034FD57C-C14E-4E70-936B-628F230FCB9B}.Debug|Any CPU.Deploy.0 = Debug|Any CPU
		{034FD57C-C14E-4E70-936B-628F230FCB9B}.Release|Any CPU.ActiveCfg = Release|Any CPU
		{034FD57C-C14E-4E70-936B-628F230FCB9B}.Release|Any CPU.Build.0 = Release|Any CPU
		{034FD57C-C14E-4E70-936B-628F230FCB9B}.Release|Any CPU.Deploy.0 = Release|Any CPU
	EndGlobalSection
	GlobalSection(SolutionProperties) = preSolution
		HideSolutionNode = FALSE
	EndGlobalSection
EndGlobal
