Microsoft Visual Studio Solution File, Format Version 12.00
# Visual Studio 14
VisualStudioVersion = 14.0.25420.1
MinimumVisualStudioVersion = 10.0.40219.1
Project("{FAE04EC0-301F-11D3-BF4B-00C04F79EFBC}") = "BizTalk.Adapter.SBQueue", "Runtime\BizTalk.Adapter.SBQueue.csproj", "{3656AC9F-EA0B-4319-82E0-6655926DF106}"
EndProject
Project("{FAE04EC0-301F-11D3-BF4B-00C04F79EFBC}") = "BizTalk.Adapter.SBQueueAdmin", "Admin\BizTalk.Adapter.SBQueueAdmin.csproj", "{B1B691D3-E72F-4FFD-9C39-A451D3AF8C50}"
EndProject
Project("{FAE04EC0-301F-11D3-BF4B-00C04F79EFBC}") = "Microsoft.Samples.BizTalk.Adapter.Common", "BaseAdapter\v1.0.2\Microsoft.Samples.BizTalk.Adapter.Common.csproj", "{44B780E7-6D79-4BAF-9994-28CFFA1172A6}"
EndProject
Project("{FAE04EC0-301F-11D3-BF4B-00C04F79EFBC}") = "SBOrderedDelivery", "Tests\SBOrderedDelivery\SBOrderedDelivery.btproj", "{0C1A9E36-4214-407C-B0A2-32485108EFCE}"
EndProject
Global
	GlobalSection(SolutionConfigurationPlatforms) = preSolution
		Debug|Any CPU = Debug|Any CPU
		Release|Any CPU = Release|Any CPU
	EndGlobalSection
	GlobalSection(ProjectConfigurationPlatforms) = postSolution
		{3656AC9F-EA0B-4319-82E0-6655926DF106}.Debug|Any CPU.ActiveCfg = Debug|Any CPU
		{3656AC9F-EA0B-4319-82E0-6655926DF106}.Debug|Any CPU.Build.0 = Debug|Any CPU
		{3656AC9F-EA0B-4319-82E0-6655926DF106}.Release|Any CPU.ActiveCfg = Release|Any CPU
		{3656AC9F-EA0B-4319-82E0-6655926DF106}.Release|Any CPU.Build.0 = Release|Any CPU
		{B1B691D3-E72F-4FFD-9C39-A451D3AF8C50}.Debug|Any CPU.ActiveCfg = Debug|Any CPU
		{B1B691D3-E72F-4FFD-9C39-A451D3AF8C50}.Debug|Any CPU.Build.0 = Debug|Any CPU
		{B1B691D3-E72F-4FFD-9C39-A451D3AF8C50}.Release|Any CPU.ActiveCfg = Release|Any CPU
		{B1B691D3-E72F-4FFD-9C39-A451D3AF8C50}.Release|Any CPU.Build.0 = Release|Any CPU
		{44B780E7-6D79-4BAF-9994-28CFFA1172A6}.Debug|Any CPU.ActiveCfg = Debug|Any CPU
		{44B780E7-6D79-4BAF-9994-28CFFA1172A6}.Debug|Any CPU.Build.0 = Debug|Any CPU
		{44B780E7-6D79-4BAF-9994-28CFFA1172A6}.Release|Any CPU.ActiveCfg = Release|Any CPU
		{44B780E7-6D79-4BAF-9994-28CFFA1172A6}.Release|Any CPU.Build.0 = Release|Any CPU
		{0C1A9E36-4214-407C-B0A2-32485108EFCE}.Debug|Any CPU.ActiveCfg = Debug|Any CPU
		{0C1A9E36-4214-407C-B0A2-32485108EFCE}.Debug|Any CPU.Build.0 = Debug|Any CPU
		{0C1A9E36-4214-407C-B0A2-32485108EFCE}.Debug|Any CPU.Deploy.0 = Debug|Any CPU
		{0C1A9E36-4214-407C-B0A2-32485108EFCE}.Release|Any CPU.ActiveCfg = Release|Any CPU
		{0C1A9E36-4214-407C-B0A2-32485108EFCE}.Release|Any CPU.Build.0 = Release|Any CPU
		{0C1A9E36-4214-407C-B0A2-32485108EFCE}.Release|Any CPU.Deploy.0 = Release|Any CPU
	EndGlobalSection
	GlobalSection(SolutionProperties) = preSolution
		HideSolutionNode = FALSE
	EndGlobalSection
EndGlobal
